
Microsoft Visual Studio Solution File, Format Version 12.00
# Visual Studio Version 17
VisualStudioVersion = 17.1.32210.238
MinimumVisualStudioVersion = 10.0.40219.1
Project("{FAE04EC0-301F-11D3-BF4B-00C04F79EFBC}") = "dotnet6-auth-sqlite-api", "dotnet6-auth-sqlite-api\dotnet6-auth-sqlite-api.csproj", "{4B6F1473-D394-4880-AA0E-01A92CE7977B}"
EndProject
Global
	GlobalSection(SolutionConfigurationPlatforms) = preSolution
		Debug|Any CPU = Debug|Any CPU
		Release|Any CPU = Release|Any CPU
	EndGlobalSection
	GlobalSection(ProjectConfigurationPlatforms) = postSolution
		{4B6F1473-D394-4880-AA0E-01A92CE7977B}.Debug|Any CPU.ActiveCfg = Debug|Any CPU
		{4B6F1473-D394-4880-AA0E-01A92CE7977B}.Debug|Any CPU.Build.0 = Debug|Any CPU
		{4B6F1473-D394-4880-AA0E-01A92CE7977B}.Release|Any CPU.ActiveCfg = Release|Any CPU
		{4B6F1473-D394-4880-AA0E-01A92CE7977B}.Release|Any CPU.Build.0 = Release|Any CPU
	EndGlobalSection
	GlobalSection(SolutionProperties) = preSolution
		HideSolutionNode = FALSE
	EndGlobalSection
	GlobalSection(ExtensibilityGlobals) = postSolution
		SolutionGuid = {395C5731-1002-457F-A1D8-3577810835E1}
	EndGlobalSection
EndGlobal
